
Microsoft Visual Studio Solution File, Format Version 12.00
# Visual Studio Version 17
VisualStudioVersion = 17.6.33815.320
MinimumVisualStudioVersion = 10.0.40219.1
Project("{9A19103F-16F7-4668-BE54-9A1E7A4F7556}") = "ConsoleApp1", "ConsoleApp1\ConsoleApp1.csproj", "{74079457-E0A7-4BFD-8F18-ABF44DBC5D50}"
EndProject
Project("{FAE04EC0-301F-11D3-BF4B-00C04F79EFBC}") = "TestProject1", "TestProject1\TestProject1.csproj", "{EC0AC3A9-C6CA-4740-A7A1-88B48CE6453C}"
EndProject
Global
	GlobalSection(SolutionConfigurationPlatforms) = preSolution
		Debug|Any CPU = Debug|Any CPU
		Release|Any CPU = Release|Any CPU
	EndGlobalSection
	GlobalSection(ProjectConfigurationPlatforms) = postSolution
		{74079457-E0A7-4BFD-8F18-ABF44DBC5D50}.Debug|Any CPU.ActiveCfg = Debug|Any CPU
		{74079457-E0A7-4BFD-8F18-ABF44DBC5D50}.Debug|Any CPU.Build.0 = Debug|Any CPU
		{74079457-E0A7-4BFD-8F18-ABF44DBC5D50}.Release|Any CPU.ActiveCfg = Release|Any CPU
		{74079457-E0A7-4BFD-8F18-ABF44DBC5D50}.Release|Any CPU.Build.0 = Release|Any CPU
		{EC0AC3A9-C6CA-4740-A7A1-88B48CE6453C}.Debug|Any CPU.ActiveCfg = Debug|Any CPU
		{EC0AC3A9-C6CA-4740-A7A1-88B48CE6453C}.Debug|Any CPU.Build.0 = Debug|Any CPU
		{EC0AC3A9-C6CA-4740-A7A1-88B48CE6453C}.Release|Any CPU.ActiveCfg = Release|Any CPU
		{EC0AC3A9-C6CA-4740-A7A1-88B48CE6453C}.Release|Any CPU.Build.0 = Release|Any CPU
	EndGlobalSection
	GlobalSection(SolutionProperties) = preSolution
		HideSolutionNode = FALSE
	EndGlobalSection
	GlobalSection(ExtensibilityGlobals) = postSolution
		SolutionGuid = {FEDA06CB-E7EF-45DE-B140-EDB1D9834807}
	EndGlobalSection
EndGlobal
